# This file is generated by running "yarn install" inside your project.
# Manual changes might be lost - proceed with caution!

__metadata:
  version: 4
  cacheKey: 7

"@darkgaming/rescript-terrariapacket@workspace:.":
  version: 0.0.0-use.local
  resolution: "@darkgaming/rescript-terrariapacket@workspace:."
  dependencies:
    "@popstarfreas/packetfactory": ^4.0.1
    "@popstarfreas/rescript-nodejs": ^14.1.0
    rescript: ^9.1.4
  languageName: unknown
  linkType: soft

"@popstarfreas/packetfactory@npm:^4.0.1":
  version: 4.0.1
  resolution: "@popstarfreas/packetfactory@npm:4.0.1"
  dependencies:
    "@popstarfreas/rescript-nodejs": ^14.1.0
    rescript: ^9.1.1
    utf8: ^2.1.2
  dependenciesMeta:
    rescript:
      optional: true
  checksum: 505a606e4fc3e81cb569cab1ded4e58c0a0969d507ea1f5cca1bd3276ab9c11efff013721c0161a2620593aa34e8b514fbf3679c4d097f9891caff26b20ddfae
  languageName: node
  linkType: hard

"@popstarfreas/rescript-nodejs@npm:^14.1.0":
  version: 14.1.0
  resolution: "@popstarfreas/rescript-nodejs@npm:14.1.0"
  dependencies:
    rescript: ^9.1.1
  checksum: 2106832ae97e29de396a9d8e554a69f72ae2dbdf68c71dd87684332b445e037bb39ae8e16bb58ce5b973698ad65b8c19b3eb549515844788b261dcb1bf8cb694
  languageName: node
  linkType: hard

"rescript@npm:^9.1.1":
  version: 9.1.1
  resolution: "rescript@npm:9.1.1"
  bin:
    bsb: bsb
    bsc: bsc
    bsrefmt: bsrefmt
    bstracing: lib/bstracing
    rescript: rescript
  checksum: 2161371044b71e82c970884392702a01fc8d0bbdd4c23f4d03ed0e003560dc7b1bde41cbbbd4e50d5e54d001e34ce58139cccdc9c0411466e1986eeba5bc7e4d
  languageName: node
  linkType: hard

"rescript@npm:^9.1.4":
  version: 9.1.4
  resolution: "rescript@npm:9.1.4"
  bin:
    bsc: bsc
    bsrefmt: bsrefmt
    bstracing: lib/bstracing
    rescript: rescript
  checksum: 96638bedf42159713b67dde4cd7c2008775f1f310ba41f65d879521983a011bcfbfb7ab0b404af9084ff25ccedc14f2289de8805002fe95154a11e75cbe87145
  languageName: node
  linkType: hard

"utf8@npm:^2.1.2":
  version: 2.1.2
  resolution: "utf8@npm:2.1.2"
  checksum: 068cf6187f0526cfd5c0f95b2a470626589dce848595611b1bff8b3d3681d4eff3b6f4ca89e1be0477ecdcdeb9fc08b4006f9efe670daaf7ca6ffd2c798d1966
  languageName: node
  linkType: hard
