# THIS IS AN AUTOGENERATED FILE. DO NOT EDIT THIS FILE DIRECTLY.
# yarn lockfile v1


"@popstarfreas/packetfactory@^4.3.0":
  version "4.3.0"
  resolved "https://registry.yarnpkg.com/@popstarfreas/packetfactory/-/packetfactory-4.3.0.tgz#c627cc866c16fc91d7e1e31529a8556447305e35"
  integrity sha512-fpQIuvYxrjB954QPOgGV4rUJkEn+fRjeTtxGjkVnbT+KlJ1RUtvnVq9fsSL2HDWqn3nFVkq+o28QkiF/39OS6Q==
  dependencies:
    "@popstarfreas/rescript-nodejs" "^14.1.0"
    utf8 "^2.1.2"
  optionalDependencies:
    rescript "^9.1.1"

"@popstarfreas/rescript-nodejs@^14.1.0":
  version "14.1.0"
  resolved "https://registry.yarnpkg.com/@popstarfreas/rescript-nodejs/-/rescript-nodejs-14.1.0.tgz#ab3b8241d46c22b58ce63b380a54ff2fe8eb0474"
  integrity sha512-TjpCJnEV8j2g5/z+R4u8nfHIZ6Kd5OQauqtDuuSX/YTxtMpu4MLtCmXGyhX5VBWtyVARaTx/YwCs7eOT7Vl1Iw==
  dependencies:
    rescript "^9.1.1"

rescript@^9.1.1, rescript@^9.1.4:
  version "9.1.4"
  resolved "https://registry.yarnpkg.com/rescript/-/rescript-9.1.4.tgz#1eb126f98d6c16942c0bf0df67c050198e580515"
  integrity sha512-aXANK4IqecJzdnDpJUsU6pxMViCR5ogAxzuqS0mOr8TloMnzAjJFu63fjD6LCkWrKAhlMkFFzQvVQYaAaVkFXw==

utf8@^2.1.2:
  version "2.1.2"
  resolved "https://registry.yarnpkg.com/utf8/-/utf8-2.1.2.tgz#1fa0d9270e9be850d9b05027f63519bf46457d96"
  integrity sha1-H6DZJw6b6FDZsFAn9jUZv0ZFfZY=
